
Microsoft Visual Studio Solution File, Format Version 12.00
# Visual Studio Version 16
VisualStudioVersion = 16.0.29911.98
MinimumVisualStudioVersion = 10.0.40219.1
Project("{FAE04EC0-301F-11D3-BF4B-00C04F79EFBC}") = "TrainingTweak", "TroopTraining\TrainingTweak.csproj", "{35F2D516-19ED-4EA4-8840-E38DF2900F16}"
EndProject
Global
	GlobalSection(SolutionConfigurationPlatforms) = preSolution
		Debug|Any CPU = Debug|Any CPU
		Release|Any CPU = Release|Any CPU
	EndGlobalSection
	GlobalSection(ProjectConfigurationPlatforms) = postSolution
		{35F2D516-19ED-4EA4-8840-E38DF2900F16}.Debug|Any CPU.ActiveCfg = Debug|Any CPU
		{35F2D516-19ED-4EA4-8840-E38DF2900F16}.Debug|Any CPU.Build.0 = Debug|Any CPU
		{35F2D516-19ED-4EA4-8840-E38DF2900F16}.Release|Any CPU.ActiveCfg = Release|Any CPU
		{35F2D516-19ED-4EA4-8840-E38DF2900F16}.Release|Any CPU.Build.0 = Release|Any CPU
	EndGlobalSection
	GlobalSection(SolutionProperties) = preSolution
		HideSolutionNode = FALSE
	EndGlobalSection
	GlobalSection(ExtensibilityGlobals) = postSolution
		SolutionGuid = {93D39F8E-D6DE-4B2D-806D-3EC2694DF77A}
	EndGlobalSection
EndGlobal
